// !$*UTF8*$!
{
	archiveVersion = 1;
	classes = {
	};
	objectVersion = 48;
	objects = {

/* Begin PBXBuildFile section */
		5AAB00681F9FEA4B002915E8 /* AppDelegate.swift in Sources */ = {isa = PBXBuildFile; fileRef = 5AAB00671F9FEA4B002915E8 /* AppDelegate.swift */; };
		5AAB006A1F9FEA4B002915E8 /* ViewController.swift in Sources */ = {isa = PBXBuildFile; fileRef = 5AAB00691F9FEA4B002915E8 /* ViewController.swift */; };
		5AAB006D1F9FEA4B002915E8 /* Main.storyboard in Resources */ = {isa = PBXBuildFile; fileRef = 5AAB006B1F9FEA4B002915E8 /* Main.storyboard */; };
		5AAB006F1F9FEA4B002915E8 /* Assets.xcassets in Resources */ = {isa = PBXBuildFile; fileRef = 5AAB006E1F9FEA4B002915E8 /* Assets.xcassets */; };
		5AAB00721F9FEA4B002915E8 /* LaunchScreen.storyboard in Resources */ = {isa = PBXBuildFile; fileRef = 5AAB00701F9FEA4B002915E8 /* LaunchScreen.storyboard */; };
		5AAB007D1F9FEA4B002915E8 /* Simple_Calc_iOSTests.swift in Sources */ = {isa = PBXBuildFile; fileRef = 5AAB007C1F9FEA4B002915E8 /* Simple_Calc_iOSTests.swift */; };
		5AAB00881F9FEA4B002915E8 /* Simple_Calc_iOSUITests.swift in Sources */ = {isa = PBXBuildFile; fileRef = 5AAB00871F9FEA4B002915E8 /* Simple_Calc_iOSUITests.swift */; };
/* End PBXBuildFile section */

/* Begin PBXContainerItemProxy section */
		5AAB00791F9FEA4B002915E8 /* PBXContainerItemProxy */ = {
			isa = PBXContainerItemProxy;
			containerPortal = 5AAB005C1F9FEA4B002915E8 /* Project object */;
			proxyType = 1;
			remoteGlobalIDString = 5AAB00631F9FEA4B002915E8;
			remoteInfo = "Simple Calc iOS";
		};
		5AAB00841F9FEA4B002915E8 /* PBXContainerItemProxy */ = {
			isa = PBXContainerItemProxy;
			containerPortal = 5AAB005C1F9FEA4B002915E8 /* Project object */;
			proxyType = 1;
			remoteGlobalIDString = 5AAB00631F9FEA4B002915E8;
			remoteInfo = "Simple Calc iOS";
		};
/* End PBXContainerItemProxy section */

/* Begin PBXFileReference section */
		5AAB00641F9FEA4B002915E8 /* Simple Calc iOS.app */ = {isa = PBXFileReference; explicitFileType = wrapper.application; includeInIndex = 0; path = "Simple Calc iOS.app"; sourceTree = BUILT_PRODUCTS_DIR; };
		5AAB00671F9FEA4B002915E8 /* AppDelegate.swift */ = {isa = PBXFileReference; lastKnownFileType = sourcecode.swift; path = AppDelegate.swift; sourceTree = "<group>"; };
		5AAB00691F9FEA4B002915E8 /* ViewController.swift */ = {isa = PBXFileReference; lastKnownFileType = sourcecode.swift; path = ViewController.swift; sourceTree = "<group>"; };
		5AAB006C1F9FEA4B002915E8 /* Base */ = {isa = PBXFileReference; lastKnownFileType = file.storyboard; name = Base; path = Base.lproj/Main.storyboard; sourceTree = "<group>"; };
		5AAB006E1F9FEA4B002915E8 /* Assets.xcassets */ = {isa = PBXFileReference; lastKnownFileType = folder.assetcatalog; path = Assets.xcassets; sourceTree = "<group>"; };
		5AAB00711F9FEA4B002915E8 /* Base */ = {isa = PBXFileReference; lastKnownFileType = file.storyboard; name = Base; path = Base.lproj/LaunchScreen.storyboard; sourceTree = "<group>"; };
		5AAB00731F9FEA4B002915E8 /* Info.plist */ = {isa = PBXFileReference; lastKnownFileType = text.plist.xml; path = Info.plist; sourceTree = "<group>"; };
		5AAB00781F9FEA4B002915E8 /* Simple Calc iOSTests.xctest */ = {isa = PBXFileReference; explicitFileType = wrapper.cfbundle; includeInIndex = 0; path = "Simple Calc iOSTests.xctest"; sourceTree = BUILT_PRODUCTS_DIR; };
		5AAB007C1F9FEA4B002915E8 /* Simple_Calc_iOSTests.swift */ = {isa = PBXFileReference; lastKnownFileType = sourcecode.swift; path = Simple_Calc_iOSTests.swift; sourceTree = "<group>"; };
		5AAB007E1F9FEA4B002915E8 /* Info.plist */ = {isa = PBXFileReference; lastKnownFileType = text.plist.xml; path = Info.plist; sourceTree = "<group>"; };
		5AAB00831F9FEA4B002915E8 /* Simple Calc iOSUITests.xctest */ = {isa = PBXFileReference; explicitFileType = wrapper.cfbundle; includeInIndex = 0; path = "Simple Calc iOSUITests.xctest"; sourceTree = BUILT_PRODUCTS_DIR; };
		5AAB00871F9FEA4B002915E8 /* Simple_Calc_iOSUITests.swift */ = {isa = PBXFileReference; lastKnownFileType = sourcecode.swift; path = Simple_Calc_iOSUITests.swift; sourceTree = "<group>"; };
		5AAB00891F9FEA4B002915E8 /* Info.plist */ = {isa = PBXFileReference; lastKnownFileType = text.plist.xml; path = Info.plist; sourceTree = "<group>"; };
/* End PBXFileReference section */

/* Begin PBXFrameworksBuildPhase section */
		5AAB00611F9FEA4B002915E8 /* Frameworks */ = {
			isa = PBXFrameworksBuildPhase;
			buildActionMask = 2147483647;
			files = (
			);
			runOnlyForDeploymentPostprocessing = 0;
		};
		5AAB00751F9FEA4B002915E8 /* Frameworks */ = {
			isa = PBXFrameworksBuildPhase;
			buildActionMask = 2147483647;
			files = (
			);
			runOnlyForDeploymentPostprocessing = 0;
		};
		5AAB00801F9FEA4B002915E8 /* Frameworks */ = {
			isa = PBXFrameworksBuildPhase;
			buildActionMask = 2147483647;
			files = (
			);
			runOnlyForDeploymentPostprocessing = 0;
		};
/* End PBXFrameworksBuildPhase section */

/* Begin PBXGroup section */
		5AAB005B1F9FEA4B002915E8 = {
			isa = PBXGroup;
			children = (
				5AAB00661F9FEA4B002915E8 /* Simple Calc iOS */,
				5AAB007B1F9FEA4B002915E8 /* Simple Calc iOSTests */,
				5AAB00861F9FEA4B002915E8 /* Simple Calc iOSUITests */,
				5AAB00651F9FEA4B002915E8 /* Products */,
			);
			sourceTree = "<group>";
		};
		5AAB00651F9FEA4B002915E8 /* Products */ = {
			isa = PBXGroup;
			children = (
				5AAB00641F9FEA4B002915E8 /* Simple Calc iOS.app */,
				5AAB00781F9FEA4B002915E8 /* Simple Calc iOSTests.xctest */,
				5AAB00831F9FEA4B002915E8 /* Simple Calc iOSUITests.xctest */,
			);
			name = Products;
			sourceTree = "<group>";
		};
		5AAB00661F9FEA4B002915E8 /* Simple Calc iOS */ = {
			isa = PBXGroup;
			children = (
				5AAB00671F9FEA4B002915E8 /* AppDelegate.swift */,
				5AAB00691F9FEA4B002915E8 /* ViewController.swift */,
				5AAB006B1F9FEA4B002915E8 /* Main.storyboard */,
				5AAB006E1F9FEA4B002915E8 /* Assets.xcassets */,
				5AAB00701F9FEA4B002915E8 /* LaunchScreen.storyboard */,
				5AAB00731F9FEA4B002915E8 /* Info.plist */,
			);
			path = "Simple Calc iOS";
			sourceTree = "<group>";
		};
		5AAB007B1F9FEA4B002915E8 /* Simple Calc iOSTests */ = {
			isa = PBXGroup;
			children = (
				5AAB007C1F9FEA4B002915E8 /* Simple_Calc_iOSTests.swift */,
				5AAB007E1F9FEA4B002915E8 /* Info.plist */,
			);
			path = "Simple Calc iOSTests";
			sourceTree = "<group>";
		};
		5AAB00861F9FEA4B002915E8 /* Simple Calc iOSUITests */ = {
			isa = PBXGroup;
			children = (
				5AAB00871F9FEA4B002915E8 /* Simple_Calc_iOSUITests.swift */,
				5AAB00891F9FEA4B002915E8 /* Info.plist */,
			);
			path = "Simple Calc iOSUITests";
			sourceTree = "<group>";
		};
/* End PBXGroup section */

/* Begin PBXNativeTarget section */
		5AAB00631F9FEA4B002915E8 /* Simple Calc iOS */ = {
			isa = PBXNativeTarget;
			buildConfigurationList = 5AAB008C1F9FEA4B002915E8 /* Build configuration list for PBXNativeTarget "Simple Calc iOS" */;
			buildPhases = (
				5AAB00601F9FEA4B002915E8 /* Sources */,
				5AAB00611F9FEA4B002915E8 /* Frameworks */,
				5AAB00621F9FEA4B002915E8 /* Resources */,
			);
			buildRules = (
			);
			dependencies = (
			);
			name = "Simple Calc iOS";
			productName = "Simple Calc iOS";
			productReference = 5AAB00641F9FEA4B002915E8 /* Simple Calc iOS.app */;
			productType = "com.apple.product-type.application";
		};
		5AAB00771F9FEA4B002915E8 /* Simple Calc iOSTests */ = {
			isa = PBXNativeTarget;
			buildConfigurationList = 5AAB008F1F9FEA4B002915E8 /* Build configuration list for PBXNativeTarget "Simple Calc iOSTests" */;
			buildPhases = (
				5AAB00741F9FEA4B002915E8 /* Sources */,
				5AAB00751F9FEA4B002915E8 /* Frameworks */,
				5AAB00761F9FEA4B002915E8 /* Resources */,
			);
			buildRules = (
			);
			dependencies = (
				5AAB007A1F9FEA4B002915E8 /* PBXTargetDependency */,
			);
			name = "Simple Calc iOSTests";
			productName = "Simple Calc iOSTests";
			productReference = 5AAB00781F9FEA4B002915E8 /* Simple Calc iOSTests.xctest */;
			productType = "com.apple.product-type.bundle.unit-test";
		};
		5AAB00821F9FEA4B002915E8 /* Simple Calc iOSUITests */ = {
			isa = PBXNativeTarget;
			buildConfigurationList = 5AAB00921F9FEA4B002915E8 /* Build configuration list for PBXNativeTarget "Simple Calc iOSUITests" */;
			buildPhases = (
				5AAB007F1F9FEA4B002915E8 /* Sources */,
				5AAB00801F9FEA4B002915E8 /* Frameworks */,
				5AAB00811F9FEA4B002915E8 /* Resources */,
			);
			buildRules = (
			);
			dependencies = (
				5AAB00851F9FEA4B002915E8 /* PBXTargetDependency */,
			);
			name = "Simple Calc iOSUITests";
			productName = "Simple Calc iOSUITests";
			productReference = 5AAB00831F9FEA4B002915E8 /* Simple Calc iOSUITests.xctest */;
			productType = "com.apple.product-type.bundle.ui-testing";
		};
/* End PBXNativeTarget section */

/* Begin PBXProject section */
		5AAB005C1F9FEA4B002915E8 /* Project object */ = {
			isa = PBXProject;
			attributes = {
				LastSwiftUpdateCheck = 0900;
				LastUpgradeCheck = 0900;
				ORGANIZATIONNAME = "Lauren Antilla";
				TargetAttributes = {
					5AAB00631F9FEA4B002915E8 = {
						CreatedOnToolsVersion = 9.0.1;
						ProvisioningStyle = Automatic;
					};
					5AAB00771F9FEA4B002915E8 = {
						CreatedOnToolsVersion = 9.0.1;
						ProvisioningStyle = Automatic;
						TestTargetID = 5AAB00631F9FEA4B002915E8;
					};
					5AAB00821F9FEA4B002915E8 = {
						CreatedOnToolsVersion = 9.0.1;
						ProvisioningStyle = Automatic;
						TestTargetID = 5AAB00631F9FEA4B002915E8;
					};
				};
			};
			buildConfigurationList = 5AAB005F1F9FEA4B002915E8 /* Build configuration list for PBXProject "Simple Calc iOS" */;
			compatibilityVersion = "Xcode 8.0";
			developmentRegion = en;
			hasScannedForEncodings = 0;
			knownRegions = (
				en,
				Base,
			);
			mainGroup = 5AAB005B1F9FEA4B002915E8;
			productRefGroup = 5AAB00651F9FEA4B002915E8 /* Products */;
			projectDirPath = "";
			projectRoot = "";
			targets = (
				5AAB00631F9FEA4B002915E8 /* Simple Calc iOS */,
				5AAB00771F9FEA4B002915E8 /* Simple Calc iOSTests */,
				5AAB00821F9FEA4B002915E8 /* Simple Calc iOSUITests */,
			);
		};
/* End PBXProject section */

/* Begin PBXResourcesBuildPhase section */
		5AAB00621F9FEA4B002915E8 /* Resources */ = {
			isa = PBXResourcesBuildPhase;
			buildActionMask = 2147483647;
			files = (
				5AAB00721F9FEA4B002915E8 /* LaunchScreen.storyboard in Resources */,
				5AAB006F1F9FEA4B002915E8 /* Assets.xcassets in Resources */,
				5AAB006D1F9FEA4B002915E8 /* Main.storyboard in Resources */,
			);
			runOnlyForDeploymentPostprocessing = 0;
		};
		5AAB00761F9FEA4B002915E8 /* Resources */ = {
			isa = PBXResourcesBuildPhase;
			buildActionMask = 2147483647;
			files = (
			);
			runOnlyForDeploymentPostprocessing = 0;
		};
		5AAB00811F9FEA4B002915E8 /* Resources */ = {
			isa = PBXResourcesBuildPhase;
			buildActionMask = 2147483647;
			files = (
			);
			runOnlyForDeploymentPostprocessing = 0;
		};
/* End PBXResourcesBuildPhase section */

/* Begin PBXSourcesBuildPhase section */
		5AAB00601F9FEA4B002915E8 /* Sources */ = {
			isa = PBXSourcesBuildPhase;
			buildActionMask = 2147483647;
			files = (
				5AAB006A1F9FEA4B002915E8 /* ViewController.swift in Sources */,
				5AAB00681F9FEA4B002915E8 /* AppDelegate.swift in Sources */,
			);
			runOnlyForDeploymentPostprocessing = 0;
		};
		5AAB00741F9FEA4B002915E8 /* Sources */ = {
			isa = PBXSourcesBuildPhase;
			buildActionMask = 2147483647;
			files = (
				5AAB007D1F9FEA4B002915E8 /* Simple_Calc_iOSTests.swift in Sources */,
			);
			runOnlyForDeploymentPostprocessing = 0;
		};
		5AAB007F1F9FEA4B002915E8 /* Sources */ = {
			isa = PBXSourcesBuildPhase;
			buildActionMask = 2147483647;
			files = (
				5AAB00881F9FEA4B002915E8 /* Simple_Calc_iOSUITests.swift in Sources */,
			);
			runOnlyForDeploymentPostprocessing = 0;
		};
/* End PBXSourcesBuildPhase section */

/* Begin PBXTargetDependency section */
		5AAB007A1F9FEA4B002915E8 /* PBXTargetDependency */ = {
			isa = PBXTargetDependency;
			target = 5AAB00631F9FEA4B002915E8 /* Simple Calc iOS */;
			targetProxy = 5AAB00791F9FEA4B002915E8 /* PBXContainerItemProxy */;
		};
		5AAB00851F9FEA4B002915E8 /* PBXTargetDependency */ = {
			isa = PBXTargetDependency;
			target = 5AAB00631F9FEA4B002915E8 /* Simple Calc iOS */;
			targetProxy = 5AAB00841F9FEA4B002915E8 /* PBXContainerItemProxy */;
		};
/* End PBXTargetDependency section */

/* Begin PBXVariantGroup section */
		5AAB006B1F9FEA4B002915E8 /* Main.storyboard */ = {
			isa = PBXVariantGroup;
			children = (
				5AAB006C1F9FEA4B002915E8 /* Base */,
			);
			name = Main.storyboard;
			sourceTree = "<group>";
		};
		5AAB00701F9FEA4B002915E8 /* LaunchScreen.storyboard */ = {
			isa = PBXVariantGroup;
			children = (
				5AAB00711F9FEA4B002915E8 /* Base */,
			);
			name = LaunchScreen.storyboard;
			sourceTree = "<group>";
		};
/* End PBXVariantGroup section */

/* Begin XCBuildConfiguration section */
		5AAB008A1F9FEA4B002915E8 /* Debug */ = {
			isa = XCBuildConfiguration;
			buildSettings = {
				ALWAYS_SEARCH_USER_PATHS = NO;
				CLANG_ANALYZER_NONNULL = YES;
				CLANG_ANALYZER_NUMBER_OBJECT_CONVERSION = YES_AGGRESSIVE;
				CLANG_CXX_LANGUAGE_STANDARD = "gnu++14";
				CLANG_CXX_LIBRARY = "libc++";
				CLANG_ENABLE_MODULES = YES;
				CLANG_ENABLE_OBJC_ARC = YES;
				CLANG_WARN_BLOCK_CAPTURE_AUTORELEASING = YES;
				CLANG_WARN_BOOL_CONVERSION = YES;
				CLANG_WARN_COMMA = YES;
				CLANG_WARN_CONSTANT_CONVERSION = YES;
				CLANG_WARN_DIRECT_OBJC_ISA_USAGE = YES_ERROR;
				CLANG_WARN_DOCUMENTATION_COMMENTS = YES;
				CLANG_WARN_EMPTY_BODY = YES;
				CLANG_WARN_ENUM_CONVERSION = YES;
				CLANG_WARN_INFINITE_RECURSION = YES;
				CLANG_WARN_INT_CONVERSION = YES;
				CLANG_WARN_NON_LITERAL_NULL_CONVERSION = YES;
				CLANG_WARN_OBJC_LITERAL_CONVERSION = YES;
				CLANG_WARN_OBJC_ROOT_CLASS = YES_ERROR;
				CLANG_WARN_RANGE_LOOP_ANALYSIS = YES;
				CLANG_WARN_STRICT_PROTOTYPES = YES;
				CLANG_WARN_SUSPICIOUS_MOVE = YES;
				CLANG_WARN_UNGUARDED_AVAILABILITY = YES_AGGRESSIVE;
				CLANG_WARN_UNREACHABLE_CODE = YES;
				CLANG_WARN__DUPLICATE_METHOD_MATCH = YES;
				CODE_SIGN_IDENTITY = "iPhone Developer";
				COPY_PHASE_STRIP = NO;
				DEBUG_INFORMATION_FORMAT = dwarf;
				ENABLE_STRICT_OBJC_MSGSEND = YES;
				ENABLE_TESTABILITY = YES;
				GCC_C_LANGUAGE_STANDARD = gnu11;
				GCC_DYNAMIC_NO_PIC = NO;
				GCC_NO_COMMON_BLOCKS = YES;
				GCC_OPTIMIZATION_LEVEL = 0;
				GCC_PREPROCESSOR_DEFINITIONS = (
					"DEBUG=1",
					"$(inherited)",
				);
				GCC_WARN_64_TO_32_BIT_CONVERSION = YES;
				GCC_WARN_ABOUT_RETURN_TYPE = YES_ERROR;
				GCC_WARN_UNDECLARED_SELECTOR = YES;
				GCC_WARN_UNINITIALIZED_AUTOS = YES_AGGRESSIVE;
				GCC_WARN_UNUSED_FUNCTION = YES;
				GCC_WARN_UNUSED_VARIABLE = YES;
				IPHONEOS_DEPLOYMENT_TARGET = 11.0;
				MTL_ENABLE_DEBUG_INFO = YES;
				ONLY_ACTIVE_ARCH = YES;
				SDKROOT = iphoneos;
				SWIFT_ACTIVE_COMPILATION_CONDITIONS = DEBUG;
				SWIFT_OPTIMIZATION_LEVEL = "-Onone";
			};
			name = Debug;
		};
		5AAB008B1F9FEA4B002915E8 /* Release */ = {
			isa = XCBuildConfiguration;
			buildSettings = {
				ALWAYS_SEARCH_USER_PATHS = NO;
				CLANG_ANALYZER_NONNULL = YES;
				CLANG_ANALYZER_NUMBER_OBJECT_CONVERSION = YES_AGGRESSIVE;
				CLANG_CXX_LANGUAGE_STANDARD = "gnu++14";
				CLANG_CXX_LIBRARY = "libc++";
				CLANG_ENABLE_MODULES = YES;
				CLANG_ENABLE_OBJC_ARC = YES;
				CLANG_WARN_BLOCK_CAPTURE_AUTORELEASING = YES;
				CLANG_WARN_BOOL_CONVERSION = YES;
				CLANG_WARN_COMMA = YES;
				CLANG_WARN_CONSTANT_CONVERSION = YES;
				CLANG_WARN_DIRECT_OBJC_ISA_USAGE = YES_ERROR;
				CLANG_WARN_DOCUMENTATION_COMMENTS = YES;
				CLANG_WARN_EMPTY_BODY = YES;
				CLANG_WARN_ENUM_CONVERSION = YES;
				CLANG_WARN_INFINITE_RECURSION = YES;
				CLANG_WARN_INT_CONVERSION = YES;
				CLANG_WARN_NON_LITERAL_NULL_CONVERSION = YES;
				CLANG_WARN_OBJC_LITERAL_CONVERSION = YES;
				CLANG_WARN_OBJC_ROOT_CLASS = YES_ERROR;
				CLANG_WARN_RANGE_LOOP_ANALYSIS = YES;
				CLANG_WARN_STRICT_PROTOTYPES = YES;
				CLANG_WARN_SUSPICIOUS_MOVE = YES;
				CLANG_WARN_UNGUARDED_AVAILABILITY = YES_AGGRESSIVE;
				CLANG_WARN_UNREACHABLE_CODE = YES;
				CLANG_WARN__DUPLICATE_METHOD_MATCH = YES;
				CODE_SIGN_IDENTITY = "iPhone Developer";
				COPY_PHASE_STRIP = NO;
				DEBUG_INFORMATION_FORMAT = "dwarf-with-dsym";
				ENABLE_NS_ASSERTIONS = NO;
				ENABLE_STRICT_OBJC_MSGSEND = YES;
				GCC_C_LANGUAGE_STANDARD = gnu11;
				GCC_NO_COMMON_BLOCKS = YES;
				GCC_WARN_64_TO_32_BIT_CONVERSION = YES;
				GCC_WARN_ABOUT_RETURN_TYPE = YES_ERROR;
				GCC_WARN_UNDECLARED_SELECTOR = YES;
				GCC_WARN_UNINITIALIZED_AUTOS = YES_AGGRESSIVE;
				GCC_WARN_UNUSED_FUNCTION = YES;
				GCC_WARN_UNUSED_VARIABLE = YES;
				IPHONEOS_DEPLOYMENT_TARGET = 11.0;
				MTL_ENABLE_DEBUG_INFO = NO;
				SDKROOT = iphoneos;
				SWIFT_OPTIMIZATION_LEVEL = "-Owholemodule";
				VALIDATE_PRODUCT = YES;
			};
			name = Release;
		};
		5AAB008D1F9FEA4B002915E8 /* Debug */ = {
			isa = XCBuildConfiguration;
			buildSettings = {
				ASSETCATALOG_COMPILER_APPICON_NAME = AppIcon;
				CODE_SIGN_STYLE = Automatic;
				DEVELOPMENT_TEAM = 5VZQ8ND69D;
				INFOPLIST_FILE = "Simple Calc iOS/Info.plist";
				LD_RUNPATH_SEARCH_PATHS = "$(inherited) @executable_path/Frameworks";
				PRODUCT_BUNDLE_IDENTIFIER = "edu.ischool.antilla.Simple-Calc-iOS";
				PRODUCT_NAME = "$(TARGET_NAME)";
				SWIFT_VERSION = 4.0;
				TARGETED_DEVICE_FAMILY = "1,2";
			};
			name = Debug;
		};
		5AAB008E1F9FEA4B002915E8 /* Release */ = {
			isa = XCBuildConfiguration;
			buildSettings = {
				ASSETCATALOG_COMPILER_APPICON_NAME = AppIcon;
				CODE_SIGN_STYLE = Automatic;
				DEVELOPMENT_TEAM = 5VZQ8ND69D;
				INFOPLIST_FILE = "Simple Calc iOS/Info.plist";
				LD_RUNPATH_SEARCH_PATHS = "$(inherited) @executable_path/Frameworks";
				PRODUCT_BUNDLE_IDENTIFIER = "edu.ischool.antilla.Simple-Calc-iOS";
				PRODUCT_NAME = "$(TARGET_NAME)";
				SWIFT_VERSION = 4.0;
				TARGETED_DEVICE_FAMILY = "1,2";
			};
			name = Release;
		};
		5AAB00901F9FEA4B002915E8 /* Debug */ = {
			isa = XCBuildConfiguration;
			buildSettings = {
				ALWAYS_EMBED_SWIFT_STANDARD_LIBRARIES = YES;
				BUNDLE_LOADER = "$(TEST_HOST)";
				CODE_SIGN_STYLE = Automatic;
				DEVELOPMENT_TEAM = 5VZQ8ND69D;
				INFOPLIST_FILE = "Simple Calc iOSTests/Info.plist";
				LD_RUNPATH_SEARCH_PATHS = "$(inherited) @executable_path/Frameworks @loader_path/Frameworks";
				PRODUCT_BUNDLE_IDENTIFIER = "edu.ischool.antilla.Simple-Calc-iOSTests";
				PRODUCT_NAME = "$(TARGET_NAME)";
				SWIFT_VERSION = 4.0;
				TARGETED_DEVICE_FAMILY = "1,2";
				TEST_HOST = "$(BUILT_PRODUCTS_DIR)/Simple Calc iOS.app/Simple Calc iOS";
			};
			name = Debug;
		};
		5AAB00911F9FEA4B002915E8 /* Release */ = {
			isa = XCBuildConfiguration;
			buildSettings = {
				ALWAYS_EMBED_SWIFT_STANDARD_LIBRARIES = YES;
				BUNDLE_LOADER = "$(TEST_HOST)";
				CODE_SIGN_STYLE = Automatic;
				DEVELOPMENT_TEAM = 5VZQ8ND69D;
				INFOPLIST_FILE = "Simple Calc iOSTests/Info.plist";
				LD_RUNPATH_SEARCH_PATHS = "$(inherited) @executable_path/Frameworks @loader_path/Frameworks";
				PRODUCT_BUNDLE_IDENTIFIER = "edu.ischool.antilla.Simple-Calc-iOSTests";
				PRODUCT_NAME = "$(TARGET_NAME)";
				SWIFT_VERSION = 4.0;
				TARGETED_DEVICE_FAMILY = "1,2";
				TEST_HOST = "$(BUILT_PRODUCTS_DIR)/Simple Calc iOS.app/Simple Calc iOS";
			};
			name = Release;
		};
		5AAB00931F9FEA4B002915E8 /* Debug */ = {
			isa = XCBuildConfiguration;
			buildSettings = {
				ALWAYS_EMBED_SWIFT_STANDARD_LIBRARIES = YES;
				CODE_SIGN_STYLE = Automatic;
				DEVELOPMENT_TEAM = 5VZQ8ND69D;
				INFOPLIST_FILE = "Simple Calc iOSUITests/Info.plist";
				LD_RUNPATH_SEARCH_PATHS = "$(inherited) @executable_path/Frameworks @loader_path/Frameworks";
				PRODUCT_BUNDLE_IDENTIFIER = "edu.ischool.antilla.Simple-Calc-iOSUITests";
				PRODUCT_NAME = "$(TARGET_NAME)";
				SWIFT_VERSION = 4.0;
				TARGETED_DEVICE_FAMILY = "1,2";
				TEST_TARGET_NAME = "Simple Calc iOS";
			};
			name = Debug;
		};
		5AAB00941F9FEA4B002915E8 /* Release */ = {
			isa = XCBuildConfiguration;
			buildSettings = {
				ALWAYS_EMBED_SWIFT_STANDARD_LIBRARIES = YES;
				CODE_SIGN_STYLE = Automatic;
				DEVELOPMENT_TEAM = 5VZQ8ND69D;
				INFOPLIST_FILE = "Simple Calc iOSUITests/Info.plist";
				LD_RUNPATH_SEARCH_PATHS = "$(inherited) @executable_path/Frameworks @loader_path/Frameworks";
				PRODUCT_BUNDLE_IDENTIFIER = "edu.ischool.antilla.Simple-Calc-iOSUITests";
				PRODUCT_NAME = "$(TARGET_NAME)";
				SWIFT_VERSION = 4.0;
				TARGETED_DEVICE_FAMILY = "1,2";
				TEST_TARGET_NAME = "Simple Calc iOS";
			};
			name = Release;
		};
/* End XCBuildConfiguration section */

/* Begin XCConfigurationList section */
		5AAB005F1F9FEA4B002915E8 /* Build configuration list for PBXProject "Simple Calc iOS" */ = {
			isa = XCConfigurationList;
			buildConfigurations = (
				5AAB008A1F9FEA4B002915E8 /* Debug */,
				5AAB008B1F9FEA4B002915E8 /* Release */,
			);
			defaultConfigurationIsVisible = 0;
			defaultConfigurationName = Release;
		};
		5AAB008C1F9FEA4B002915E8 /* Build configuration list for PBXNativeTarget "Simple Calc iOS" */ = {
			isa = XCConfigurationList;
			buildConfigurations = (
				5AAB008D1F9FEA4B002915E8 /* Debug */,
				5AAB008E1F9FEA4B002915E8 /* Release */,
			);
			defaultConfigurationIsVisible = 0;
			defaultConfigurationName = Release;
		};
		5AAB008F1F9FEA4B002915E8 /* Build configuration list for PBXNativeTarget "Simple Calc iOSTests" */ = {
			isa = XCConfigurationList;
			buildConfigurations = (
				5AAB00901F9FEA4B002915E8 /* Debug */,
				5AAB00911F9FEA4B002915E8 /* Release */,
			);
			defaultConfigurationIsVisible = 0;
			defaultConfigurationName = Release;
		};
		5AAB00921F9FEA4B002915E8 /* Build configuration list for PBXNativeTarget "Simple Calc iOSUITests" */ = {
			isa = XCConfigurationList;
			buildConfigurations = (
				5AAB00931F9FEA4B002915E8 /* Debug */,
				5AAB00941F9FEA4B002915E8 /* Release */,
			);
			defaultConfigurationIsVisible = 0;
			defaultConfigurationName = Release;
		};
/* End XCConfigurationList section */
	};
	rootObject = 5AAB005C1F9FEA4B002915E8 /* Project object */;
}
